<?xml version="1.0" encoding="utf-8"?>
<Project ToolsVersion="4.0" xmlns="http://schemas.microsoft.com/developer/msbuild/2003">
  <ItemGroup>
    <ClCompile Include="src\main.cpp" />
    <ClCompile Include="src\Boss.cpp">
      <Filter>game\objects</Filter>
    </ClCompile>
    <ClCompile Include="src\Bullet.cpp">
      <Filter>game\objects</Filter>
    </ClCompile>
    <ClCompile Include="src\GameObject.cpp">
      <Filter>game\objects</Filter>
    </ClCompile>
    <ClCompile Include="src\Player.cpp">
      <Filter>game\objects</Filter>
    </ClCompile>
    <ClCompile Include="src\fmt\format.cc">
      <Filter>lib\fmt</Filter>
    </ClCompile>
    <ClCompile Include="src\Text.cpp">
      <Filter>stuff</Filter>
    </ClCompile>
    <ClCompile Include="src\drawing.cpp">
      <Filter>stuff</Filter>
    </ClCompile>
    <ClCompile Include="src\Game.cpp">
      <Filter>game\global</Filter>
    </ClCompile>
    <ClCompile Include="src\Input.cpp">
      <Filter>game\global</Filter>
    </ClCompile>
    <ClCompile Include="src\STGEngine.cpp">
      <Filter>game\global</Filter>
    </ClCompile>
    <ClCompile Include="src\Script.cpp">
      <Filter>game</Filter>
    </ClCompile>
  </ItemGroup>
  <ItemGroup>
    <ClInclude Include="src\Boss.h">
      <Filter>game\objects</Filter>
    </ClInclude>
    <ClInclude Include="src\Bullet.h">
      <Filter>game\objects</Filter>
    </ClInclude>
    <ClInclude Include="src\GameObject.h">
      <Filter>game\objects</Filter>
    </ClInclude>
    <ClInclude Include="src\Player.h">
      <Filter>game\objects</Filter>
    </ClInclude>
    <ClInclude Include="src\Text.h">
      <Filter>stuff</Filter>
    </ClInclude>
    <ClInclude Include="src\collisions.h">
      <Filter>stuff</Filter>
    </ClInclude>
    <ClInclude Include="src\drawing.h">
      <Filter>stuff</Filter>
    </ClInclude>
    <ClInclude Include="src\Game.h">
      <Filter>game\global</Filter>
    </ClInclude>
    <ClInclude Include="src\Input.h">
      <Filter>game\global</Filter>
    </ClInclude>
    <ClInclude Include="src\STGEngine.h">
      <Filter>game\global</Filter>
    </ClInclude>
    <ClInclude Include="src\Singleton.h">
      <Filter>game\global</Filter>
    </ClInclude>
    <ClInclude Include="src\sine_table.h">
      <Filter>stuff</Filter>
    </ClInclude>
    <ClInclude Include="src\mymath.h">
      <Filter>stuff</Filter>
    </ClInclude>
    <ClInclude Include="src\Log.h">
      <Filter>stuff</Filter>
    </ClInclude>
    <ClInclude Include="src\Script.h">
      <Filter>game</Filter>
    </ClInclude>
  </ItemGroup>
  <ItemGroup>
    <Filter Include="lib">
      <UniqueIdentifier>{cead5ae5-de06-4c9b-bc3d-00de030a284b}</UniqueIdentifier>
    </Filter>
    <Filter Include="lib\fmt">
      <UniqueIdentifier>{c36dd0e5-1c1f-4e72-b14d-ce7f03d788b9}</UniqueIdentifier>
    </Filter>
    <Filter Include="stuff">
      <UniqueIdentifier>{da30425d-d281-4b67-b126-4460f54e6749}</UniqueIdentifier>
    </Filter>
    <Filter Include="game">
      <UniqueIdentifier>{a6c8cb73-93ac-4721-a45e-d186c4c7920a}</UniqueIdentifier>
    </Filter>
    <Filter Include="game\global">
      <UniqueIdentifier>{9df12d45-d5a5-4613-9a65-090fa23d75e2}</UniqueIdentifier>
    </Filter>
    <Filter Include="game\objects">
      <UniqueIdentifier>{b18dffc4-3dce-4bf2-bcaa-34dd26f78c4c}</UniqueIdentifier>
    </Filter>
  </ItemGroup>
</Project>