<?xml version="1.0" encoding="utf-8"?>
<Project ToolsVersion="4.0" xmlns="http://schemas.microsoft.com/developer/msbuild/2003">
  <ItemGroup>
    <ClCompile Include="src\main.cpp" />
    <ClCompile Include="src\Boss.cpp">
      <Filter>touhou\stage\objects</Filter>
    </ClCompile>
    <ClCompile Include="src\Bullet.cpp">
      <Filter>touhou\stage\objects</Filter>
    </ClCompile>
    <ClCompile Include="src\Player.cpp">
      <Filter>touhou\stage\objects</Filter>
    </ClCompile>
    <ClCompile Include="src\fmt\format.cc">
      <Filter>lib\fmt</Filter>
    </ClCompile>
    <ClCompile Include="src\Text.cpp">
      <Filter>stuff</Filter>
    </ClCompile>
    <ClCompile Include="src\Input.cpp">
      <Filter>touhou\global</Filter>
    </ClCompile>
    <ClCompile Include="src\Stage.cpp">
      <Filter>touhou\stage</Filter>
    </ClCompile>
    <ClCompile Include="src\Pickup.cpp">
      <Filter>touhou\stage\objects</Filter>
    </ClCompile>
    <ClCompile Include="src\Script.cpp">
      <Filter>touhou\stage\stuff</Filter>
    </ClCompile>
    <ClCompile Include="src\GameOverMenu.cpp">
      <Filter>touhou\stage\menus</Filter>
    </ClCompile>
    <ClCompile Include="src\PauseMenu.cpp">
      <Filter>touhou\stage\menus</Filter>
    </ClCompile>
    <ClCompile Include="src\stdafx.cpp" />
    <ClCompile Include="src\PauseOptionsMenu.cpp">
      <Filter>touhou\stage\menus</Filter>
    </ClCompile>
    <ClCompile Include="src\Game.cpp">
      <Filter>touhou\global\game</Filter>
    </ClCompile>
  </ItemGroup>
  <ItemGroup>
    <ClInclude Include="src\Boss.h">
      <Filter>touhou\stage\objects</Filter>
    </ClInclude>
    <ClInclude Include="src\Bullet.h">
      <Filter>touhou\stage\objects</Filter>
    </ClInclude>
    <ClInclude Include="src\Player.h">
      <Filter>touhou\stage\objects</Filter>
    </ClInclude>
    <ClInclude Include="src\Text.h">
      <Filter>stuff</Filter>
    </ClInclude>
    <ClInclude Include="src\collisions.h">
      <Filter>stuff</Filter>
    </ClInclude>
    <ClInclude Include="src\drawing.h">
      <Filter>stuff</Filter>
    </ClInclude>
    <ClInclude Include="src\Input.h">
      <Filter>touhou\global</Filter>
    </ClInclude>
    <ClInclude Include="src\Singleton.h">
      <Filter>touhou\global</Filter>
    </ClInclude>
    <ClInclude Include="src\sine_table.h">
      <Filter>stuff</Filter>
    </ClInclude>
    <ClInclude Include="src\mymath.h">
      <Filter>stuff</Filter>
    </ClInclude>
    <ClInclude Include="src\Log.h">
      <Filter>stuff</Filter>
    </ClInclude>
    <ClInclude Include="src\Stage.h">
      <Filter>touhou\stage</Filter>
    </ClInclude>
    <ClInclude Include="src\key_pressed.h">
      <Filter>stuff</Filter>
    </ClInclude>
    <ClInclude Include="src\Pickup.h">
      <Filter>touhou\stage\objects</Filter>
    </ClInclude>
    <ClInclude Include="src\Script.h">
      <Filter>touhou\stage\stuff</Filter>
    </ClInclude>
    <ClInclude Include="src\GameOverMenu.h">
      <Filter>touhou\stage\menus</Filter>
    </ClInclude>
    <ClInclude Include="src\PauseMenu.h">
      <Filter>touhou\stage\menus</Filter>
    </ClInclude>
    <ClInclude Include="src\stdafx.h" />
    <ClInclude Include="src\PauseOptionsMenu.h">
      <Filter>touhou\stage\menus</Filter>
    </ClInclude>
    <ClInclude Include="src\Game.h">
      <Filter>touhou\global\game</Filter>
    </ClInclude>
  </ItemGroup>
  <ItemGroup>
    <Filter Include="lib">
      <UniqueIdentifier>{cead5ae5-de06-4c9b-bc3d-00de030a284b}</UniqueIdentifier>
    </Filter>
    <Filter Include="lib\fmt">
      <UniqueIdentifier>{c36dd0e5-1c1f-4e72-b14d-ce7f03d788b9}</UniqueIdentifier>
    </Filter>
    <Filter Include="stuff">
      <UniqueIdentifier>{da30425d-d281-4b67-b126-4460f54e6749}</UniqueIdentifier>
    </Filter>
    <Filter Include="touhou">
      <UniqueIdentifier>{a6c8cb73-93ac-4721-a45e-d186c4c7920a}</UniqueIdentifier>
    </Filter>
    <Filter Include="touhou\global">
      <UniqueIdentifier>{9df12d45-d5a5-4613-9a65-090fa23d75e2}</UniqueIdentifier>
    </Filter>
    <Filter Include="touhou\title">
      <UniqueIdentifier>{5ee020f8-8c88-4673-8f83-c7c6f9c13501}</UniqueIdentifier>
    </Filter>
    <Filter Include="touhou\stage">
      <UniqueIdentifier>{406d6d8e-b14a-4370-8d89-ab2de3021d10}</UniqueIdentifier>
    </Filter>
    <Filter Include="touhou\stage\objects">
      <UniqueIdentifier>{b18dffc4-3dce-4bf2-bcaa-34dd26f78c4c}</UniqueIdentifier>
    </Filter>
    <Filter Include="touhou\stage\stuff">
      <UniqueIdentifier>{a25dbf14-295c-4417-badc-845efeccb6a7}</UniqueIdentifier>
    </Filter>
    <Filter Include="touhou\stage\menus">
      <UniqueIdentifier>{f1f08812-3395-4b3c-b7fa-b671c9b7f32f}</UniqueIdentifier>
    </Filter>
    <Filter Include="touhou\global\game">
      <UniqueIdentifier>{4d9a38df-c4ae-4467-a231-fc0d2d629c10}</UniqueIdentifier>
    </Filter>
  </ItemGroup>
</Project>